PackratFormat: 1.4
PackratVersion: 0.4.0.12
RVersion: 3.1.2
Repos: CRAN=http://cran.rstudio.com,
    BioCsoft=http://bioconductor.org/packages/3.0/bioc,
    BioCann=http://bioconductor.org/packages/3.0/data/annotation,
    BioCexp=http://bioconductor.org/packages/3.0/data/experiment,
    BioCextra=http://bioconductor.org/packages/3.0/extra

Package: colorspace
Source: CRAN
Version: 1.2-6

Package: dichromat
Source: CRAN
Version: 2.0-0

Package: digest
Source: CRAN
Version: 0.6.8
Hash: 89dc4c8734dad5322bb3c5c2af09056f

Package: geosphere
Source: CRAN
Version: 1.3-13
Requires: sp

Package: ggmap
Source: CRAN
Version: 2.4
Requires: digest, geosphere, ggplot2, jpeg, mapproj, plyr, png, proto,
    reshape2, RgoogleMaps, rjson, scales

Package: ggplot2
Source: CRAN
Version: 1.0.1
Requires: digest, gtable, MASS, plyr, proto, reshape2, scales

Package: gtable
Source: CRAN
Version: 0.1.2

Package: jpeg
Source: CRAN
Version: 0.1-8

Package: labeling
Source: CRAN
Version: 0.3

Package: lattice
Source: CRAN
Version: 0.20-29
Hash: 17e9fe582d11197544a5ec817a80b21e

Package: mapproj
Source: CRAN
Version: 1.2-2
Requires: maps

Package: maps
Source: CRAN
Version: 2.3-9

Package: MASS
Source: CRAN
Version: 7.3-35
Hash: 2a7641e407ce2a484d5a587a4e30a9aa

Package: munsell
Source: CRAN
Version: 0.4.2
Requires: colorspace

Package: packrat
Source: github
Version: 0.4.0.12
Hash: e738f79a22521c57fad67a1679302385973cd958
GithubRepo: packrat
GithubUsername: rstudio
GithubRef: v0.98.1000
GithubSha1: e738f79a22521c57fad67a1679302385973cd958

Package: plyr
Source: CRAN
Version: 1.8.1
Requires: Rcpp

Package: png
Source: CRAN
Version: 0.1-7

Package: proto
Source: CRAN
Version: 0.3-10

Package: RColorBrewer
Source: CRAN
Version: 1.1-2

Package: Rcpp
Source: CRAN
Version: 0.11.5
Hash: 3e452cb48f3ec8a7cf27fb9ab8624639

Package: reshape2
Source: CRAN
Version: 1.4.1
Requires: plyr, Rcpp, stringr

Package: RgoogleMaps
Source: CRAN
Version: 1.2.0.7
Requires: png, RJSONIO

Package: rjson
Source: CRAN
Version: 0.2.15

Package: RJSONIO
Source: CRAN
Version: 1.3-0

Package: scales
Source: CRAN
Version: 0.2.4
Requires: dichromat, labeling, munsell, plyr, RColorBrewer

Package: sp
Source: CRAN
Version: 1.0-17
Requires: lattice

Package: stringr
Source: CRAN
Version: 0.6.2
Hash: cdde0cfa0f52cffeaca23a11a3899779
